
Microsoft Visual Studio Solution File, Format Version 12.00
# Visual Studio Version 16
VisualStudioVersion = 16.0.31205.134
MinimumVisualStudioVersion = 10.0.40219.1
Project("{FAE04EC0-301F-11D3-BF4B-00C04F79EFBC}") = "Inheritance", "Inheritance\Inheritance.csproj", "{DA350C77-EC6C-4429-8028-BD3505C41D40}"
EndProject
Global
	GlobalSection(SolutionConfigurationPlatforms) = preSolution
		Debug|Any CPU = Debug|Any CPU
		Release|Any CPU = Release|Any CPU
	EndGlobalSection
	GlobalSection(ProjectConfigurationPlatforms) = postSolution
		{DA350C77-EC6C-4429-8028-BD3505C41D40}.Debug|Any CPU.ActiveCfg = Debug|Any CPU
		{DA350C77-EC6C-4429-8028-BD3505C41D40}.Debug|Any CPU.Build.0 = Debug|Any CPU
		{DA350C77-EC6C-4429-8028-BD3505C41D40}.Release|Any CPU.ActiveCfg = Release|Any CPU
		{DA350C77-EC6C-4429-8028-BD3505C41D40}.Release|Any CPU.Build.0 = Release|Any CPU
	EndGlobalSection
	GlobalSection(SolutionProperties) = preSolution
		HideSolutionNode = FALSE
	EndGlobalSection
	GlobalSection(ExtensibilityGlobals) = postSolution
		SolutionGuid = {15C6F40C-EE54-4404-81EF-4E68159064E0}
	EndGlobalSection
EndGlobal
