
Microsoft Visual Studio Solution File, Format Version 12.00
# Visual Studio Version 16
VisualStudioVersion = 16.0.31205.134
MinimumVisualStudioVersion = 10.0.40219.1
Project("{FAE04EC0-301F-11D3-BF4B-00C04F79EFBC}") = "DoorSensorProgram", "DoorSensorProgram\DoorSensorProgram.csproj", "{91992CB8-CA15-46F8-8336-A84159D8A527}"
EndProject
Global
	GlobalSection(SolutionConfigurationPlatforms) = preSolution
		Debug|Any CPU = Debug|Any CPU
		Release|Any CPU = Release|Any CPU
	EndGlobalSection
	GlobalSection(ProjectConfigurationPlatforms) = postSolution
		{91992CB8-CA15-46F8-8336-A84159D8A527}.Debug|Any CPU.ActiveCfg = Debug|Any CPU
		{91992CB8-CA15-46F8-8336-A84159D8A527}.Debug|Any CPU.Build.0 = Debug|Any CPU
		{91992CB8-CA15-46F8-8336-A84159D8A527}.Release|Any CPU.ActiveCfg = Release|Any CPU
		{91992CB8-CA15-46F8-8336-A84159D8A527}.Release|Any CPU.Build.0 = Release|Any CPU
	EndGlobalSection
	GlobalSection(SolutionProperties) = preSolution
		HideSolutionNode = FALSE
	EndGlobalSection
	GlobalSection(ExtensibilityGlobals) = postSolution
		SolutionGuid = {39595EDE-C00D-416C-8274-98D8C02C5E93}
	EndGlobalSection
EndGlobal
