
Microsoft Visual Studio Solution File, Format Version 12.00
# Visual Studio Version 16
VisualStudioVersion = 16.0.31205.134
MinimumVisualStudioVersion = 10.0.40219.1
Project("{FAE04EC0-301F-11D3-BF4B-00C04F79EFBC}") = "DoorSensorProgram1", "DoorSensorProgram1\DoorSensorProgram1.csproj", "{8B9E726B-795E-4A39-A263-C33CC5BA7DC9}"
EndProject
Global
	GlobalSection(SolutionConfigurationPlatforms) = preSolution
		Debug|Any CPU = Debug|Any CPU
		Release|Any CPU = Release|Any CPU
	EndGlobalSection
	GlobalSection(ProjectConfigurationPlatforms) = postSolution
		{8B9E726B-795E-4A39-A263-C33CC5BA7DC9}.Debug|Any CPU.ActiveCfg = Debug|Any CPU
		{8B9E726B-795E-4A39-A263-C33CC5BA7DC9}.Debug|Any CPU.Build.0 = Debug|Any CPU
		{8B9E726B-795E-4A39-A263-C33CC5BA7DC9}.Release|Any CPU.ActiveCfg = Release|Any CPU
		{8B9E726B-795E-4A39-A263-C33CC5BA7DC9}.Release|Any CPU.Build.0 = Release|Any CPU
	EndGlobalSection
	GlobalSection(SolutionProperties) = preSolution
		HideSolutionNode = FALSE
	EndGlobalSection
	GlobalSection(ExtensibilityGlobals) = postSolution
		SolutionGuid = {9795FBD8-1AE2-4C36-B83B-73233FDE5FAA}
	EndGlobalSection
EndGlobal
